Microsoft Visual Studio Solution File, Format Version 11.00
# Visual Studio 2008

Project("{E55C220B-7D0F-2A4F-9E6A-8CAFAABA9CE3}") = "Pandora", "Assembly-CSharp-firstpass.csproj", "{A4D0DD98-EDE3-2630-7B1B-BB5EAA51AD45}"
EndProject
Project("{E55C220B-7D0F-2A4F-9E6A-8CAFAABA9CE3}") = "Pandora", "Assembly-CSharp.csproj", "{AF4FDD70-CA4C-7618-D50D-9E7C16E6CC64}"
EndProject
Project("{E55C220B-7D0F-2A4F-9E6A-8CAFAABA9CE3}") = "Pandora", "Assembly-CSharp-Editor.csproj", "{851378BB-3AF2-E5EB-705B-112BFDA0AEC3}"
EndProject
Global
	GlobalSection(SolutionConfigurationPlatforms) = preSolution
		Debug|Any CPU = Debug|Any CPU
		Release|Any CPU = Release|Any CPU
	EndGlobalSection
	GlobalSection(ProjectConfigurationPlatforms) = postSolution
		{A4D0DD98-EDE3-2630-7B1B-BB5EAA51AD45}.Debug|Any CPU.ActiveCfg = Debug|Any CPU
		{A4D0DD98-EDE3-2630-7B1B-BB5EAA51AD45}.Debug|Any CPU.Build.0 = Debug|Any CPU
		{A4D0DD98-EDE3-2630-7B1B-BB5EAA51AD45}.Release|Any CPU.ActiveCfg = Release|Any CPU
		{A4D0DD98-EDE3-2630-7B1B-BB5EAA51AD45}.Release|Any CPU.Build.0 = Release|Any CPU
		{AF4FDD70-CA4C-7618-D50D-9E7C16E6CC64}.Debug|Any CPU.ActiveCfg = Debug|Any CPU
		{AF4FDD70-CA4C-7618-D50D-9E7C16E6CC64}.Debug|Any CPU.Build.0 = Debug|Any CPU
		{AF4FDD70-CA4C-7618-D50D-9E7C16E6CC64}.Release|Any CPU.ActiveCfg = Release|Any CPU
		{AF4FDD70-CA4C-7618-D50D-9E7C16E6CC64}.Release|Any CPU.Build.0 = Release|Any CPU
		{851378BB-3AF2-E5EB-705B-112BFDA0AEC3}.Debug|Any CPU.ActiveCfg = Debug|Any CPU
		{851378BB-3AF2-E5EB-705B-112BFDA0AEC3}.Debug|Any CPU.Build.0 = Debug|Any CPU
		{851378BB-3AF2-E5EB-705B-112BFDA0AEC3}.Release|Any CPU.ActiveCfg = Release|Any CPU
		{851378BB-3AF2-E5EB-705B-112BFDA0AEC3}.Release|Any CPU.Build.0 = Release|Any CPU
	EndGlobalSection
	GlobalSection(SolutionProperties) = preSolution
		HideSolutionNode = FALSE
	EndGlobalSection
						GlobalSection(MonoDevelopProperties) = preSolution
		StartupItem = Assembly-CSharp.csproj
		Policies = $0
		$0.TextStylePolicy = $1
		$1.inheritsSet = null
		$1.scope = text/x-csharp
		$0.CSharpFormattingPolicy = $2
		$2.inheritsSet = Mono
		$2.inheritsScope = text/x-csharp
		$2.scope = text/x-csharp
		$0.TextStylePolicy = $3
		$3.FileWidth = 120
		$3.TabWidth = 4
		$3.IndentWidth = 4
		$3.EolMarker = Unix
		$3.inheritsSet = Mono
		$3.inheritsScope = text/plain
		$3.scope = text/plain
	EndGlobalSection

EndGlobal
